// !$*UTF8*$!
{
	archiveVersion = 1;
	classes = {
	};
	objectVersion = 50;
	objects = {

/* Begin PBXBuildFile section */
		660EFBA422BA22DE0013EE0A /* AppDelegate.swift in Sources */ = {isa = PBXBuildFile; fileRef = 660EFBA322BA22DE0013EE0A /* AppDelegate.swift */; };
		660EFBA922BA22DF0013EE0A /* Main.storyboard in Resources */ = {isa = PBXBuildFile; fileRef = 660EFBA722BA22DF0013EE0A /* Main.storyboard */; };
		660EFBAB22BA22E10013EE0A /* Assets.xcassets in Resources */ = {isa = PBXBuildFile; fileRef = 660EFBAA22BA22E10013EE0A /* Assets.xcassets */; };
		660EFBAE22BA22E10013EE0A /* LaunchScreen.storyboard in Resources */ = {isa = PBXBuildFile; fileRef = 660EFBAC22BA22E10013EE0A /* LaunchScreen.storyboard */; };
		663045D722DF326D00565059 /* DateHeaderCell.swift in Sources */ = {isa = PBXBuildFile; fileRef = 663045D622DF326D00565059 /* DateHeaderCell.swift */; };
		6641B33622E068C70014C94E /* ConstantHelper.swift in Sources */ = {isa = PBXBuildFile; fileRef = 6641B33522E068C70014C94E /* ConstantHelper.swift */; };
		6641B33922E06D5E0014C94E /* WeatherService.swift in Sources */ = {isa = PBXBuildFile; fileRef = 6641B33822E06D5E0014C94E /* WeatherService.swift */; };
		6641B33B22E06DF40014C94E /* LocationService.swift in Sources */ = {isa = PBXBuildFile; fileRef = 6641B33A22E06DF40014C94E /* LocationService.swift */; };
		6641B33D22E06FDA0014C94E /* CurrentViewController.swift in Sources */ = {isa = PBXBuildFile; fileRef = 6641B33C22E06FDA0014C94E /* CurrentViewController.swift */; };
		6641B33F22E070210014C94E /* TabBarViewController.swift in Sources */ = {isa = PBXBuildFile; fileRef = 6641B33E22E070210014C94E /* TabBarViewController.swift */; };
		6641B34122E070570014C94E /* SettingsViewController.swift in Sources */ = {isa = PBXBuildFile; fileRef = 6641B34022E070570014C94E /* SettingsViewController.swift */; };
		6641B34322E07B120014C94E /* NotificationNames.swift in Sources */ = {isa = PBXBuildFile; fileRef = 6641B34222E07B120014C94E /* NotificationNames.swift */; };
		6641B34522E07EFD0014C94E /* CurrentWeather.swift in Sources */ = {isa = PBXBuildFile; fileRef = 6641B34422E07EFD0014C94E /* CurrentWeather.swift */; };
		6641B34822E082BF0014C94E /* CurrentWeatherCodable.swift in Sources */ = {isa = PBXBuildFile; fileRef = 6641B34722E082BF0014C94E /* CurrentWeatherCodable.swift */; };
		6641B34B22E0831E0014C94E /* WeatherCodable.swift in Sources */ = {isa = PBXBuildFile; fileRef = 6641B34A22E0831E0014C94E /* WeatherCodable.swift */; };
		6641B34D22E0836A0014C94E /* MainCodable.swift in Sources */ = {isa = PBXBuildFile; fileRef = 6641B34C22E0836A0014C94E /* MainCodable.swift */; };
		6641B34F22E0847D0014C94E /* WindCodable.swift in Sources */ = {isa = PBXBuildFile; fileRef = 6641B34E22E0847D0014C94E /* WindCodable.swift */; };
		6641B35122E084D40014C94E /* CloudsCodable.swift in Sources */ = {isa = PBXBuildFile; fileRef = 6641B35022E084D40014C94E /* CloudsCodable.swift */; };
		6641B35322E085120014C94E /* SysCodable.swift in Sources */ = {isa = PBXBuildFile; fileRef = 6641B35222E085120014C94E /* SysCodable.swift */; };
		6688344622BB825800359CBC /* ForecastCell.swift in Sources */ = {isa = PBXBuildFile; fileRef = 6688344522BB825800359CBC /* ForecastCell.swift */; };
		6688344922BB83B500359CBC /* Forecast.swift in Sources */ = {isa = PBXBuildFile; fileRef = 6688344822BB83B500359CBC /* Forecast.swift */; };
		6688344C22BB86E600359CBC /* ForecastViewController.swift in Sources */ = {isa = PBXBuildFile; fileRef = 6688344B22BB86E600359CBC /* ForecastViewController.swift */; };
		6688344F22BB975000359CBC /* DateExtension.swift in Sources */ = {isa = PBXBuildFile; fileRef = 6688344E22BB975000359CBC /* DateExtension.swift */; };
/* End PBXBuildFile section */

/* Begin PBXFileReference section */
		660EFBA022BA22DE0013EE0A /* XCIWeather.app */ = {isa = PBXFileReference; explicitFileType = wrapper.application; includeInIndex = 0; path = XCIWeather.app; sourceTree = BUILT_PRODUCTS_DIR; };
		660EFBA322BA22DE0013EE0A /* AppDelegate.swift */ = {isa = PBXFileReference; lastKnownFileType = sourcecode.swift; path = AppDelegate.swift; sourceTree = "<group>"; };
		660EFBA822BA22DF0013EE0A /* Base */ = {isa = PBXFileReference; lastKnownFileType = file.storyboard; name = Base; path = Base.lproj/Main.storyboard; sourceTree = "<group>"; };
		660EFBAA22BA22E10013EE0A /* Assets.xcassets */ = {isa = PBXFileReference; lastKnownFileType = folder.assetcatalog; path = Assets.xcassets; sourceTree = "<group>"; };
		660EFBAD22BA22E10013EE0A /* Base */ = {isa = PBXFileReference; lastKnownFileType = file.storyboard; name = Base; path = Base.lproj/LaunchScreen.storyboard; sourceTree = "<group>"; };
		660EFBAF22BA22E10013EE0A /* Info.plist */ = {isa = PBXFileReference; lastKnownFileType = text.plist.xml; path = Info.plist; sourceTree = "<group>"; };
		663045D622DF326D00565059 /* DateHeaderCell.swift */ = {isa = PBXFileReference; lastKnownFileType = sourcecode.swift; path = DateHeaderCell.swift; sourceTree = "<group>"; };
		6641B33522E068C70014C94E /* ConstantHelper.swift */ = {isa = PBXFileReference; lastKnownFileType = sourcecode.swift; path = ConstantHelper.swift; sourceTree = "<group>"; };
		6641B33822E06D5E0014C94E /* WeatherService.swift */ = {isa = PBXFileReference; lastKnownFileType = sourcecode.swift; path = WeatherService.swift; sourceTree = "<group>"; };
		6641B33A22E06DF40014C94E /* LocationService.swift */ = {isa = PBXFileReference; lastKnownFileType = sourcecode.swift; path = LocationService.swift; sourceTree = "<group>"; };
		6641B33C22E06FDA0014C94E /* CurrentViewController.swift */ = {isa = PBXFileReference; lastKnownFileType = sourcecode.swift; path = CurrentViewController.swift; sourceTree = "<group>"; };
		6641B33E22E070210014C94E /* TabBarViewController.swift */ = {isa = PBXFileReference; lastKnownFileType = sourcecode.swift; path = TabBarViewController.swift; sourceTree = "<group>"; };
		6641B34022E070570014C94E /* SettingsViewController.swift */ = {isa = PBXFileReference; lastKnownFileType = sourcecode.swift; path = SettingsViewController.swift; sourceTree = "<group>"; };
		6641B34222E07B120014C94E /* NotificationNames.swift */ = {isa = PBXFileReference; lastKnownFileType = sourcecode.swift; path = NotificationNames.swift; sourceTree = "<group>"; };
		6641B34422E07EFD0014C94E /* CurrentWeather.swift */ = {isa = PBXFileReference; lastKnownFileType = sourcecode.swift; path = CurrentWeather.swift; sourceTree = "<group>"; };
		6641B34722E082BF0014C94E /* CurrentWeatherCodable.swift */ = {isa = PBXFileReference; lastKnownFileType = sourcecode.swift; path = CurrentWeatherCodable.swift; sourceTree = "<group>"; };
		6641B34A22E0831E0014C94E /* WeatherCodable.swift */ = {isa = PBXFileReference; lastKnownFileType = sourcecode.swift; path = WeatherCodable.swift; sourceTree = "<group>"; };
		6641B34C22E0836A0014C94E /* MainCodable.swift */ = {isa = PBXFileReference; lastKnownFileType = sourcecode.swift; path = MainCodable.swift; sourceTree = "<group>"; };
		6641B34E22E0847D0014C94E /* WindCodable.swift */ = {isa = PBXFileReference; lastKnownFileType = sourcecode.swift; path = WindCodable.swift; sourceTree = "<group>"; };
		6641B35022E084D40014C94E /* CloudsCodable.swift */ = {isa = PBXFileReference; lastKnownFileType = sourcecode.swift; path = CloudsCodable.swift; sourceTree = "<group>"; };
		6641B35222E085120014C94E /* SysCodable.swift */ = {isa = PBXFileReference; lastKnownFileType = sourcecode.swift; path = SysCodable.swift; sourceTree = "<group>"; };
		6688344522BB825800359CBC /* ForecastCell.swift */ = {isa = PBXFileReference; lastKnownFileType = sourcecode.swift; path = ForecastCell.swift; sourceTree = "<group>"; };
		6688344822BB83B500359CBC /* Forecast.swift */ = {isa = PBXFileReference; lastKnownFileType = sourcecode.swift; path = Forecast.swift; sourceTree = "<group>"; };
		6688344B22BB86E600359CBC /* ForecastViewController.swift */ = {isa = PBXFileReference; lastKnownFileType = sourcecode.swift; path = ForecastViewController.swift; sourceTree = "<group>"; };
		6688344E22BB975000359CBC /* DateExtension.swift */ = {isa = PBXFileReference; lastKnownFileType = sourcecode.swift; path = DateExtension.swift; sourceTree = "<group>"; };
/* End PBXFileReference section */

/* Begin PBXFrameworksBuildPhase section */
		660EFB9D22BA22DE0013EE0A /* Frameworks */ = {
			isa = PBXFrameworksBuildPhase;
			buildActionMask = 2147483647;
			files = (
			);
			runOnlyForDeploymentPostprocessing = 0;
		};
/* End PBXFrameworksBuildPhase section */

/* Begin PBXGroup section */
		660EFB9722BA22DE0013EE0A = {
			isa = PBXGroup;
			children = (
				660EFBA222BA22DE0013EE0A /* XCIWeather */,
				660EFBA122BA22DE0013EE0A /* Products */,
			);
			sourceTree = "<group>";
		};
		660EFBA122BA22DE0013EE0A /* Products */ = {
			isa = PBXGroup;
			children = (
				660EFBA022BA22DE0013EE0A /* XCIWeather.app */,
			);
			name = Products;
			sourceTree = "<group>";
		};
		660EFBA222BA22DE0013EE0A /* XCIWeather */ = {
			isa = PBXGroup;
			children = (
				6641B33722E06D460014C94E /* Services */,
				6641B33422E0689D0014C94E /* Helpers */,
				6688344D22BB973F00359CBC /* Extensions */,
				6688344A22BB86CB00359CBC /* Controllers */,
				6688344722BB83A400359CBC /* Models */,
				6688344422BB822100359CBC /* Cells */,
				660EFBA322BA22DE0013EE0A /* AppDelegate.swift */,
				660EFBA722BA22DF0013EE0A /* Main.storyboard */,
				660EFBAA22BA22E10013EE0A /* Assets.xcassets */,
				660EFBAC22BA22E10013EE0A /* LaunchScreen.storyboard */,
				660EFBAF22BA22E10013EE0A /* Info.plist */,
			);
			path = XCIWeather;
			sourceTree = "<group>";
		};
		6641B33422E0689D0014C94E /* Helpers */ = {
			isa = PBXGroup;
			children = (
				6641B33522E068C70014C94E /* ConstantHelper.swift */,
			);
			path = Helpers;
			sourceTree = "<group>";
		};
		6641B33722E06D460014C94E /* Services */ = {
			isa = PBXGroup;
			children = (
				6641B33822E06D5E0014C94E /* WeatherService.swift */,
				6641B33A22E06DF40014C94E /* LocationService.swift */,
			);
			path = Services;
			sourceTree = "<group>";
		};
		6641B34622E082AF0014C94E /* Codable */ = {
			isa = PBXGroup;
			children = (
				6641B34922E083030014C94E /* ObjectStructs */,
				6641B34722E082BF0014C94E /* CurrentWeatherCodable.swift */,
			);
			path = Codable;
			sourceTree = "<group>";
		};
		6641B34922E083030014C94E /* ObjectStructs */ = {
			isa = PBXGroup;
			children = (
				6641B34A22E0831E0014C94E /* WeatherCodable.swift */,
				6641B34C22E0836A0014C94E /* MainCodable.swift */,
				6641B34E22E0847D0014C94E /* WindCodable.swift */,
				6641B35022E084D40014C94E /* CloudsCodable.swift */,
				6641B35222E085120014C94E /* SysCodable.swift */,
			);
			path = ObjectStructs;
			sourceTree = "<group>";
		};
		6688344422BB822100359CBC /* Cells */ = {
			isa = PBXGroup;
			children = (
				6688344522BB825800359CBC /* ForecastCell.swift */,
				663045D622DF326D00565059 /* DateHeaderCell.swift */,
			);
			path = Cells;
			sourceTree = "<group>";
		};
		6688344722BB83A400359CBC /* Models */ = {
			isa = PBXGroup;
			children = (
				6641B34622E082AF0014C94E /* Codable */,
				6688344822BB83B500359CBC /* Forecast.swift */,
				6641B34422E07EFD0014C94E /* CurrentWeather.swift */,
			);
			path = Models;
			sourceTree = "<group>";
		};
		6688344A22BB86CB00359CBC /* Controllers */ = {
			isa = PBXGroup;
			children = (
				6688344B22BB86E600359CBC /* ForecastViewController.swift */,
				6641B33C22E06FDA0014C94E /* CurrentViewController.swift */,
				6641B33E22E070210014C94E /* TabBarViewController.swift */,
				6641B34022E070570014C94E /* SettingsViewController.swift */,
			);
			path = Controllers;
			sourceTree = "<group>";
		};
		6688344D22BB973F00359CBC /* Extensions */ = {
			isa = PBXGroup;
			children = (
				6688344E22BB975000359CBC /* DateExtension.swift */,
				6641B34222E07B120014C94E /* NotificationNames.swift */,
			);
			path = Extensions;
			sourceTree = "<group>";
		};
/* End PBXGroup section */

/* Begin PBXNativeTarget section */
		660EFB9F22BA22DE0013EE0A /* XCIWeather */ = {
			isa = PBXNativeTarget;
			buildConfigurationList = 660EFBB222BA22E10013EE0A /* Build configuration list for PBXNativeTarget "XCIWeather" */;
			buildPhases = (
				660EFB9C22BA22DE0013EE0A /* Sources */,
				660EFB9D22BA22DE0013EE0A /* Frameworks */,
				660EFB9E22BA22DE0013EE0A /* Resources */,
			);
			buildRules = (
			);
			dependencies = (
			);
			name = XCIWeather;
			productName = XCIWeather;
			productReference = 660EFBA022BA22DE0013EE0A /* XCIWeather.app */;
			productType = "com.apple.product-type.application";
		};
/* End PBXNativeTarget section */

/* Begin PBXProject section */
		660EFB9822BA22DE0013EE0A /* Project object */ = {
			isa = PBXProject;
			attributes = {
				LastSwiftUpdateCheck = 1020;
				LastUpgradeCheck = 1020;
				ORGANIZATIONNAME = AttFlederX;
				TargetAttributes = {
					660EFB9F22BA22DE0013EE0A = {
						CreatedOnToolsVersion = 10.2.1;
					};
				};
			};
			buildConfigurationList = 660EFB9B22BA22DE0013EE0A /* Build configuration list for PBXProject "XCIWeather" */;
			compatibilityVersion = "Xcode 9.3";
			developmentRegion = en;
			hasScannedForEncodings = 0;
			knownRegions = (
				en,
				Base,
			);
			mainGroup = 660EFB9722BA22DE0013EE0A;
			productRefGroup = 660EFBA122BA22DE0013EE0A /* Products */;
			projectDirPath = "";
			projectRoot = "";
			targets = (
				660EFB9F22BA22DE0013EE0A /* XCIWeather */,
			);
		};
/* End PBXProject section */

/* Begin PBXResourcesBuildPhase section */
		660EFB9E22BA22DE0013EE0A /* Resources */ = {
			isa = PBXResourcesBuildPhase;
			buildActionMask = 2147483647;
			files = (
				660EFBAE22BA22E10013EE0A /* LaunchScreen.storyboard in Resources */,
				660EFBAB22BA22E10013EE0A /* Assets.xcassets in Resources */,
				660EFBA922BA22DF0013EE0A /* Main.storyboard in Resources */,
			);
			runOnlyForDeploymentPostprocessing = 0;
		};
/* End PBXResourcesBuildPhase section */

/* Begin PBXSourcesBuildPhase section */
		660EFB9C22BA22DE0013EE0A /* Sources */ = {
			isa = PBXSourcesBuildPhase;
			buildActionMask = 2147483647;
			files = (
				6641B33D22E06FDA0014C94E /* CurrentViewController.swift in Sources */,
				6688344922BB83B500359CBC /* Forecast.swift in Sources */,
				6641B33922E06D5E0014C94E /* WeatherService.swift in Sources */,
				6641B34322E07B120014C94E /* NotificationNames.swift in Sources */,
				6641B35122E084D40014C94E /* CloudsCodable.swift in Sources */,
				6641B34D22E0836A0014C94E /* MainCodable.swift in Sources */,
				6641B33B22E06DF40014C94E /* LocationService.swift in Sources */,
				6641B34822E082BF0014C94E /* CurrentWeatherCodable.swift in Sources */,
				6641B33F22E070210014C94E /* TabBarViewController.swift in Sources */,
				6641B33622E068C70014C94E /* ConstantHelper.swift in Sources */,
				6688344F22BB975000359CBC /* DateExtension.swift in Sources */,
				6641B34B22E0831E0014C94E /* WeatherCodable.swift in Sources */,
				6641B35322E085120014C94E /* SysCodable.swift in Sources */,
				6688344C22BB86E600359CBC /* ForecastViewController.swift in Sources */,
				6688344622BB825800359CBC /* ForecastCell.swift in Sources */,
				6641B34522E07EFD0014C94E /* CurrentWeather.swift in Sources */,
				660EFBA422BA22DE0013EE0A /* AppDelegate.swift in Sources */,
				663045D722DF326D00565059 /* DateHeaderCell.swift in Sources */,
				6641B34F22E0847D0014C94E /* WindCodable.swift in Sources */,
				6641B34122E070570014C94E /* SettingsViewController.swift in Sources */,
			);
			runOnlyForDeploymentPostprocessing = 0;
		};
/* End PBXSourcesBuildPhase section */

/* Begin PBXVariantGroup section */
		660EFBA722BA22DF0013EE0A /* Main.storyboard */ = {
			isa = PBXVariantGroup;
			children = (
				660EFBA822BA22DF0013EE0A /* Base */,
			);
			name = Main.storyboard;
			sourceTree = "<group>";
		};
		660EFBAC22BA22E10013EE0A /* LaunchScreen.storyboard */ = {
			isa = PBXVariantGroup;
			children = (
				660EFBAD22BA22E10013EE0A /* Base */,
			);
			name = LaunchScreen.storyboard;
			sourceTree = "<group>";
		};
/* End PBXVariantGroup section */

/* Begin XCBuildConfiguration section */
		660EFBB022BA22E10013EE0A /* Debug */ = {
			isa = XCBuildConfiguration;
			buildSettings = {
				ALWAYS_SEARCH_USER_PATHS = NO;
				CLANG_ANALYZER_NONNULL = YES;
				CLANG_ANALYZER_NUMBER_OBJECT_CONVERSION = YES_AGGRESSIVE;
				CLANG_CXX_LANGUAGE_STANDARD = "gnu++14";
				CLANG_CXX_LIBRARY = "libc++";
				CLANG_ENABLE_MODULES = YES;
				CLANG_ENABLE_OBJC_ARC = YES;
				CLANG_ENABLE_OBJC_WEAK = YES;
				CLANG_WARN_BLOCK_CAPTURE_AUTORELEASING = YES;
				CLANG_WARN_BOOL_CONVERSION = YES;
				CLANG_WARN_COMMA = YES;
				CLANG_WARN_CONSTANT_CONVERSION = YES;
				CLANG_WARN_DEPRECATED_OBJC_IMPLEMENTATIONS = YES;
				CLANG_WARN_DIRECT_OBJC_ISA_USAGE = YES_ERROR;
				CLANG_WARN_DOCUMENTATION_COMMENTS = YES;
				CLANG_WARN_EMPTY_BODY = YES;
				CLANG_WARN_ENUM_CONVERSION = YES;
				CLANG_WARN_INFINITE_RECURSION = YES;
				CLANG_WARN_INT_CONVERSION = YES;
				CLANG_WARN_NON_LITERAL_NULL_CONVERSION = YES;
				CLANG_WARN_OBJC_IMPLICIT_RETAIN_SELF = YES;
				CLANG_WARN_OBJC_LITERAL_CONVERSION = YES;
				CLANG_WARN_OBJC_ROOT_CLASS = YES_ERROR;
				CLANG_WARN_RANGE_LOOP_ANALYSIS = YES;
				CLANG_WARN_STRICT_PROTOTYPES = YES;
				CLANG_WARN_SUSPICIOUS_MOVE = YES;
				CLANG_WARN_UNGUARDED_AVAILABILITY = YES_AGGRESSIVE;
				CLANG_WARN_UNREACHABLE_CODE = YES;
				CLANG_WARN__DUPLICATE_METHOD_MATCH = YES;
				CODE_SIGN_IDENTITY = "iPhone Developer";
				COPY_PHASE_STRIP = NO;
				DEBUG_INFORMATION_FORMAT = dwarf;
				ENABLE_STRICT_OBJC_MSGSEND = YES;
				ENABLE_TESTABILITY = YES;
				GCC_C_LANGUAGE_STANDARD = gnu11;
				GCC_DYNAMIC_NO_PIC = NO;
				GCC_NO_COMMON_BLOCKS = YES;
				GCC_OPTIMIZATION_LEVEL = 0;
				GCC_PREPROCESSOR_DEFINITIONS = (
					"DEBUG=1",
					"$(inherited)",
				);
				GCC_WARN_64_TO_32_BIT_CONVERSION = YES;
				GCC_WARN_ABOUT_RETURN_TYPE = YES_ERROR;
				GCC_WARN_UNDECLARED_SELECTOR = YES;
				GCC_WARN_UNINITIALIZED_AUTOS = YES_AGGRESSIVE;
				GCC_WARN_UNUSED_FUNCTION = YES;
				GCC_WARN_UNUSED_VARIABLE = YES;
				IPHONEOS_DEPLOYMENT_TARGET = 12.2;
				MTL_ENABLE_DEBUG_INFO = INCLUDE_SOURCE;
				MTL_FAST_MATH = YES;
				ONLY_ACTIVE_ARCH = YES;
				SDKROOT = iphoneos;
				SWIFT_ACTIVE_COMPILATION_CONDITIONS = DEBUG;
				SWIFT_OPTIMIZATION_LEVEL = "-Onone";
			};
			name = Debug;
		};
		660EFBB122BA22E10013EE0A /* Release */ = {
			isa = XCBuildConfiguration;
			buildSettings = {
				ALWAYS_SEARCH_USER_PATHS = NO;
				CLANG_ANALYZER_NONNULL = YES;
				CLANG_ANALYZER_NUMBER_OBJECT_CONVERSION = YES_AGGRESSIVE;
				CLANG_CXX_LANGUAGE_STANDARD = "gnu++14";
				CLANG_CXX_LIBRARY = "libc++";
				CLANG_ENABLE_MODULES = YES;
				CLANG_ENABLE_OBJC_ARC = YES;
				CLANG_ENABLE_OBJC_WEAK = YES;
				CLANG_WARN_BLOCK_CAPTURE_AUTORELEASING = YES;
				CLANG_WARN_BOOL_CONVERSION = YES;
				CLANG_WARN_COMMA = YES;
				CLANG_WARN_CONSTANT_CONVERSION = YES;
				CLANG_WARN_DEPRECATED_OBJC_IMPLEMENTATIONS = YES;
				CLANG_WARN_DIRECT_OBJC_ISA_USAGE = YES_ERROR;
				CLANG_WARN_DOCUMENTATION_COMMENTS = YES;
				CLANG_WARN_EMPTY_BODY = YES;
				CLANG_WARN_ENUM_CONVERSION = YES;
				CLANG_WARN_INFINITE_RECURSION = YES;
				CLANG_WARN_INT_CONVERSION = YES;
				CLANG_WARN_NON_LITERAL_NULL_CONVERSION = YES;
				CLANG_WARN_OBJC_IMPLICIT_RETAIN_SELF = YES;
				CLANG_WARN_OBJC_LITERAL_CONVERSION = YES;
				CLANG_WARN_OBJC_ROOT_CLASS = YES_ERROR;
				CLANG_WARN_RANGE_LOOP_ANALYSIS = YES;
				CLANG_WARN_STRICT_PROTOTYPES = YES;
				CLANG_WARN_SUSPICIOUS_MOVE = YES;
				CLANG_WARN_UNGUARDED_AVAILABILITY = YES_AGGRESSIVE;
				CLANG_WARN_UNREACHABLE_CODE = YES;
				CLANG_WARN__DUPLICATE_METHOD_MATCH = YES;
				CODE_SIGN_IDENTITY = "iPhone Developer";
				COPY_PHASE_STRIP = NO;
				DEBUG_INFORMATION_FORMAT = "dwarf-with-dsym";
				ENABLE_NS_ASSERTIONS = NO;
				ENABLE_STRICT_OBJC_MSGSEND = YES;
				GCC_C_LANGUAGE_STANDARD = gnu11;
				GCC_NO_COMMON_BLOCKS = YES;
				GCC_WARN_64_TO_32_BIT_CONVERSION = YES;
				GCC_WARN_ABOUT_RETURN_TYPE = YES_ERROR;
				GCC_WARN_UNDECLARED_SELECTOR = YES;
				GCC_WARN_UNINITIALIZED_AUTOS = YES_AGGRESSIVE;
				GCC_WARN_UNUSED_FUNCTION = YES;
				GCC_WARN_UNUSED_VARIABLE = YES;
				IPHONEOS_DEPLOYMENT_TARGET = 12.2;
				MTL_ENABLE_DEBUG_INFO = NO;
				MTL_FAST_MATH = YES;
				SDKROOT = iphoneos;
				SWIFT_COMPILATION_MODE = wholemodule;
				SWIFT_OPTIMIZATION_LEVEL = "-O";
				VALIDATE_PRODUCT = YES;
			};
			name = Release;
		};
		660EFBB322BA22E10013EE0A /* Debug */ = {
			isa = XCBuildConfiguration;
			buildSettings = {
				ASSETCATALOG_COMPILER_APPICON_NAME = AppIcon;
				CODE_SIGN_STYLE = Automatic;
				INFOPLIST_FILE = XCIWeather/Info.plist;
				LD_RUNPATH_SEARCH_PATHS = (
					"$(inherited)",
					"@executable_path/Frameworks",
				);
				PRODUCT_BUNDLE_IDENTIFIER = com.attflederx.XCIWeather;
				PRODUCT_NAME = "$(TARGET_NAME)";
				SWIFT_VERSION = 5.0;
				TARGETED_DEVICE_FAMILY = "1,2";
			};
			name = Debug;
		};
		660EFBB422BA22E10013EE0A /* Release */ = {
			isa = XCBuildConfiguration;
			buildSettings = {
				ASSETCATALOG_COMPILER_APPICON_NAME = AppIcon;
				CODE_SIGN_STYLE = Automatic;
				INFOPLIST_FILE = XCIWeather/Info.plist;
				LD_RUNPATH_SEARCH_PATHS = (
					"$(inherited)",
					"@executable_path/Frameworks",
				);
				PRODUCT_BUNDLE_IDENTIFIER = com.attflederx.XCIWeather;
				PRODUCT_NAME = "$(TARGET_NAME)";
				SWIFT_VERSION = 5.0;
				TARGETED_DEVICE_FAMILY = "1,2";
			};
			name = Release;
		};
/* End XCBuildConfiguration section */

/* Begin XCConfigurationList section */
		660EFB9B22BA22DE0013EE0A /* Build configuration list for PBXProject "XCIWeather" */ = {
			isa = XCConfigurationList;
			buildConfigurations = (
				660EFBB022BA22E10013EE0A /* Debug */,
				660EFBB122BA22E10013EE0A /* Release */,
			);
			defaultConfigurationIsVisible = 0;
			defaultConfigurationName = Release;
		};
		660EFBB222BA22E10013EE0A /* Build configuration list for PBXNativeTarget "XCIWeather" */ = {
			isa = XCConfigurationList;
			buildConfigurations = (
				660EFBB322BA22E10013EE0A /* Debug */,
				660EFBB422BA22E10013EE0A /* Release */,
			);
			defaultConfigurationIsVisible = 0;
			defaultConfigurationName = Release;
		};
/* End XCConfigurationList section */
	};
	rootObject = 660EFB9822BA22DE0013EE0A /* Project object */;
}
